
Microsoft Visual Studio Solution File, Format Version 12.00
# Visual Studio Version 17
VisualStudioVersion = 17.10.35013.160
MinimumVisualStudioVersion = 10.0.40219.1
Project("{9A19103F-16F7-4668-BE54-9A1E7A4F7556}") = "ContactsManagement.Api", "ContactsManagement.Api\ContactsManagement.Api.csproj", "{F94E60A4-1D99-4BBD-9595-E5B7F5F97A5D}"
EndProject
Project("{9A19103F-16F7-4668-BE54-9A1E7A4F7556}") = "ContactsManagement.Application", "ContactsManagement.Application\ContactsManagement.Application.csproj", "{2A57C438-BC6F-4D91-AD9C-09975B91AB9B}"
EndProject
Project("{9A19103F-16F7-4668-BE54-9A1E7A4F7556}") = "ContactsManagement.Domain", "ContactsManagement.Domain\ContactsManagement.Domain.csproj", "{74DDE790-5919-4F78-90C2-B308599A3C26}"
EndProject
Project("{9A19103F-16F7-4668-BE54-9A1E7A4F7556}") = "ContactsManagement.Infrastructure", "ContactsManagement.Infrastructure\ContactsManagement.Infrastructure.csproj", "{475C116F-B5E8-4522-99B2-596331D0CDAB}"
EndProject
Project("{9A19103F-16F7-4668-BE54-9A1E7A4F7556}") = "ContactsManagment.Crypto.Test", "ContactsManagment.Crypto.Test\ContactsManagment.Crypto.Test.csproj", "{27B4F500-4D13-447A-A444-E3CBE95E9367}"
EndProject
Project("{9A19103F-16F7-4668-BE54-9A1E7A4F7556}") = "TestesUnitarios", "TestesUnitarios\TestesUnitarios.csproj", "{3514FE9E-8FA4-4F65-AB8A-D78EED72A49E}"
EndProject
Global
	GlobalSection(SolutionConfigurationPlatforms) = preSolution
		Debug|Any CPU = Debug|Any CPU
		Release|Any CPU = Release|Any CPU
	EndGlobalSection
	GlobalSection(ProjectConfigurationPlatforms) = postSolution
		{F94E60A4-1D99-4BBD-9595-E5B7F5F97A5D}.Debug|Any CPU.ActiveCfg = Debug|Any CPU
		{F94E60A4-1D99-4BBD-9595-E5B7F5F97A5D}.Debug|Any CPU.Build.0 = Debug|Any CPU
		{F94E60A4-1D99-4BBD-9595-E5B7F5F97A5D}.Release|Any CPU.ActiveCfg = Release|Any CPU
		{F94E60A4-1D99-4BBD-9595-E5B7F5F97A5D}.Release|Any CPU.Build.0 = Release|Any CPU
		{2A57C438-BC6F-4D91-AD9C-09975B91AB9B}.Debug|Any CPU.ActiveCfg = Debug|Any CPU
		{2A57C438-BC6F-4D91-AD9C-09975B91AB9B}.Debug|Any CPU.Build.0 = Debug|Any CPU
		{2A57C438-BC6F-4D91-AD9C-09975B91AB9B}.Release|Any CPU.ActiveCfg = Release|Any CPU
		{2A57C438-BC6F-4D91-AD9C-09975B91AB9B}.Release|Any CPU.Build.0 = Release|Any CPU
		{74DDE790-5919-4F78-90C2-B308599A3C26}.Debug|Any CPU.ActiveCfg = Debug|Any CPU
		{74DDE790-5919-4F78-90C2-B308599A3C26}.Debug|Any CPU.Build.0 = Debug|Any CPU
		{74DDE790-5919-4F78-90C2-B308599A3C26}.Release|Any CPU.ActiveCfg = Release|Any CPU
		{74DDE790-5919-4F78-90C2-B308599A3C26}.Release|Any CPU.Build.0 = Release|Any CPU
		{475C116F-B5E8-4522-99B2-596331D0CDAB}.Debug|Any CPU.ActiveCfg = Debug|Any CPU
		{475C116F-B5E8-4522-99B2-596331D0CDAB}.Debug|Any CPU.Build.0 = Debug|Any CPU
		{475C116F-B5E8-4522-99B2-596331D0CDAB}.Release|Any CPU.ActiveCfg = Release|Any CPU
		{475C116F-B5E8-4522-99B2-596331D0CDAB}.Release|Any CPU.Build.0 = Release|Any CPU
		{27B4F500-4D13-447A-A444-E3CBE95E9367}.Debug|Any CPU.ActiveCfg = Debug|Any CPU
		{27B4F500-4D13-447A-A444-E3CBE95E9367}.Debug|Any CPU.Build.0 = Debug|Any CPU
		{27B4F500-4D13-447A-A444-E3CBE95E9367}.Release|Any CPU.ActiveCfg = Release|Any CPU
		{27B4F500-4D13-447A-A444-E3CBE95E9367}.Release|Any CPU.Build.0 = Release|Any CPU
		{3514FE9E-8FA4-4F65-AB8A-D78EED72A49E}.Debug|Any CPU.ActiveCfg = Debug|Any CPU
		{3514FE9E-8FA4-4F65-AB8A-D78EED72A49E}.Debug|Any CPU.Build.0 = Debug|Any CPU
		{3514FE9E-8FA4-4F65-AB8A-D78EED72A49E}.Release|Any CPU.ActiveCfg = Release|Any CPU
		{3514FE9E-8FA4-4F65-AB8A-D78EED72A49E}.Release|Any CPU.Build.0 = Release|Any CPU
	EndGlobalSection
	GlobalSection(SolutionProperties) = preSolution
		HideSolutionNode = FALSE
	EndGlobalSection
	GlobalSection(ExtensibilityGlobals) = postSolution
		SolutionGuid = {A195285C-41AB-4D5A-93D8-88CD6479AFF5}
	EndGlobalSection
EndGlobal
